
Microsoft Visual Studio Solution File, Format Version 12.00
# Visual Studio Version 16
VisualStudioVersion = 16.0.29905.134
MinimumVisualStudioVersion = 10.0.40219.1
Project("{9A19103F-16F7-4668-BE54-9A1E7A4F7556}") = "AMS-LiveEvent-DRM-DVR", "AMS-LiveEvent-DRM-DVR.csproj", "{4B1689D2-E466-44A2-9D85-BF633F02A366}"
EndProject
Global
	GlobalSection(SolutionConfigurationPlatforms) = preSolution
		Debug|Any CPU = Debug|Any CPU
		Release|Any CPU = Release|Any CPU
	EndGlobalSection
	GlobalSection(ProjectConfigurationPlatforms) = postSolution
		{4B1689D2-E466-44A2-9D85-BF633F02A366}.Debug|Any CPU.ActiveCfg = Debug|Any CPU
		{4B1689D2-E466-44A2-9D85-BF633F02A366}.Debug|Any CPU.Build.0 = Debug|Any CPU
		{4B1689D2-E466-44A2-9D85-BF633F02A366}.Release|Any CPU.ActiveCfg = Release|Any CPU
		{4B1689D2-E466-44A2-9D85-BF633F02A366}.Release|Any CPU.Build.0 = Release|Any CPU
	EndGlobalSection
	GlobalSection(SolutionProperties) = preSolution
		HideSolutionNode = FALSE
	EndGlobalSection
	GlobalSection(ExtensibilityGlobals) = postSolution
		SolutionGuid = {6D4A1B34-8802-4ACA-99A2-6A234CB2E517}
	EndGlobalSection
EndGlobal
